// !$*UTF8*$!
{
	archiveVersion = 1;
	classes = {
	};
	objectVersion = 55;
	objects = {

/* Begin PBXBuildFile section */
		4A14C2ED27D8D5940016755F /* AppDelegate.swift in Sources */ = {isa = PBXBuildFile; fileRef = 4A14C2EC27D8D5940016755F /* AppDelegate.swift */; };
		4A14C2EF27D8D5940016755F /* SceneDelegate.swift in Sources */ = {isa = PBXBuildFile; fileRef = 4A14C2EE27D8D5940016755F /* SceneDelegate.swift */; };
		4A14C2F127D8D5940016755F /* ViewController.swift in Sources */ = {isa = PBXBuildFile; fileRef = 4A14C2F027D8D5940016755F /* ViewController.swift */; };
		4A14C2F427D8D5940016755F /* Main.storyboard in Resources */ = {isa = PBXBuildFile; fileRef = 4A14C2F227D8D5940016755F /* Main.storyboard */; };
		4A14C2F627D8D5950016755F /* Assets.xcassets in Resources */ = {isa = PBXBuildFile; fileRef = 4A14C2F527D8D5950016755F /* Assets.xcassets */; };
		4A14C2F927D8D5950016755F /* LaunchScreen.storyboard in Resources */ = {isa = PBXBuildFile; fileRef = 4A14C2F727D8D5950016755F /* LaunchScreen.storyboard */; };
		4A14C30127D8D62F0016755F /* CategoryModel.swift in Sources */ = {isa = PBXBuildFile; fileRef = 4A14C30027D8D62F0016755F /* CategoryModel.swift */; };
		A6E0C4067BC1DF3351E993B4 /* Pods_ExTableCollectionView.framework in Frameworks */ = {isa = PBXBuildFile; fileRef = 4E421BD8FDFB78334E67D3CE /* Pods_ExTableCollectionView.framework */; };
/* End PBXBuildFile section */

/* Begin PBXFileReference section */
		38BBB21FD45998510ED17223 /* Pods-ExTableCollectionView.debug.xcconfig */ = {isa = PBXFileReference; includeInIndex = 1; lastKnownFileType = text.xcconfig; name = "Pods-ExTableCollectionView.debug.xcconfig"; path = "Target Support Files/Pods-ExTableCollectionView/Pods-ExTableCollectionView.debug.xcconfig"; sourceTree = "<group>"; };
		4A14C2E927D8D5940016755F /* ExTableCollectionView.app */ = {isa = PBXFileReference; explicitFileType = wrapper.application; includeInIndex = 0; path = ExTableCollectionView.app; sourceTree = BUILT_PRODUCTS_DIR; };
		4A14C2EC27D8D5940016755F /* AppDelegate.swift */ = {isa = PBXFileReference; lastKnownFileType = sourcecode.swift; path = AppDelegate.swift; sourceTree = "<group>"; };
		4A14C2EE27D8D5940016755F /* SceneDelegate.swift */ = {isa = PBXFileReference; lastKnownFileType = sourcecode.swift; path = SceneDelegate.swift; sourceTree = "<group>"; };
		4A14C2F027D8D5940016755F /* ViewController.swift */ = {isa = PBXFileReference; lastKnownFileType = sourcecode.swift; path = ViewController.swift; sourceTree = "<group>"; };
		4A14C2F327D8D5940016755F /* Base */ = {isa = PBXFileReference; lastKnownFileType = file.storyboard; name = Base; path = Base.lproj/Main.storyboard; sourceTree = "<group>"; };
		4A14C2F527D8D5950016755F /* Assets.xcassets */ = {isa = PBXFileReference; lastKnownFileType = folder.assetcatalog; path = Assets.xcassets; sourceTree = "<group>"; };
		4A14C2F827D8D5950016755F /* Base */ = {isa = PBXFileReference; lastKnownFileType = file.storyboard; name = Base; path = Base.lproj/LaunchScreen.storyboard; sourceTree = "<group>"; };
		4A14C2FA27D8D5950016755F /* Info.plist */ = {isa = PBXFileReference; lastKnownFileType = text.plist.xml; path = Info.plist; sourceTree = "<group>"; };
		4A14C30027D8D62F0016755F /* CategoryModel.swift */ = {isa = PBXFileReference; lastKnownFileType = sourcecode.swift; path = CategoryModel.swift; sourceTree = "<group>"; wrapsLines = 0; };
		4E421BD8FDFB78334E67D3CE /* Pods_ExTableCollectionView.framework */ = {isa = PBXFileReference; explicitFileType = wrapper.framework; includeInIndex = 0; path = Pods_ExTableCollectionView.framework; sourceTree = BUILT_PRODUCTS_DIR; };
		789485E1E53D5F105FA6080C /* Pods-ExTableCollectionView.release.xcconfig */ = {isa = PBXFileReference; includeInIndex = 1; lastKnownFileType = text.xcconfig; name = "Pods-ExTableCollectionView.release.xcconfig"; path = "Target Support Files/Pods-ExTableCollectionView/Pods-ExTableCollectionView.release.xcconfig"; sourceTree = "<group>"; };
/* End PBXFileReference section */

/* Begin PBXFrameworksBuildPhase section */
		4A14C2E627D8D5940016755F /* Frameworks */ = {
			isa = PBXFrameworksBuildPhase;
			buildActionMask = 2147483647;
			files = (
				A6E0C4067BC1DF3351E993B4 /* Pods_ExTableCollectionView.framework in Frameworks */,
			);
			runOnlyForDeploymentPostprocessing = 0;
		};
/* End PBXFrameworksBuildPhase section */

/* Begin PBXGroup section */
		4A14C2E027D8D5940016755F = {
			isa = PBXGroup;
			children = (
				4A14C2EB27D8D5940016755F /* ExTableCollectionView */,
				4A14C2EA27D8D5940016755F /* Products */,
				EAA531355E064B883BF6C6A8 /* Pods */,
				54E4EED812438E318A887D1A /* Frameworks */,
			);
			sourceTree = "<group>";
		};
		4A14C2EA27D8D5940016755F /* Products */ = {
			isa = PBXGroup;
			children = (
				4A14C2E927D8D5940016755F /* ExTableCollectionView.app */,
			);
			name = Products;
			sourceTree = "<group>";
		};
		4A14C2EB27D8D5940016755F /* ExTableCollectionView */ = {
			isa = PBXGroup;
			children = (
				4A14C2EC27D8D5940016755F /* AppDelegate.swift */,
				4A14C2EE27D8D5940016755F /* SceneDelegate.swift */,
				4A14C2F027D8D5940016755F /* ViewController.swift */,
				4A14C30027D8D62F0016755F /* CategoryModel.swift */,
				4A14C2F227D8D5940016755F /* Main.storyboard */,
				4A14C2F527D8D5950016755F /* Assets.xcassets */,
				4A14C2F727D8D5950016755F /* LaunchScreen.storyboard */,
				4A14C2FA27D8D5950016755F /* Info.plist */,
			);
			path = ExTableCollectionView;
			sourceTree = "<group>";
		};
		54E4EED812438E318A887D1A /* Frameworks */ = {
			isa = PBXGroup;
			children = (
				4E421BD8FDFB78334E67D3CE /* Pods_ExTableCollectionView.framework */,
			);
			name = Frameworks;
			sourceTree = "<group>";
		};
		EAA531355E064B883BF6C6A8 /* Pods */ = {
			isa = PBXGroup;
			children = (
				38BBB21FD45998510ED17223 /* Pods-ExTableCollectionView.debug.xcconfig */,
				789485E1E53D5F105FA6080C /* Pods-ExTableCollectionView.release.xcconfig */,
			);
			path = Pods;
			sourceTree = "<group>";
		};
/* End PBXGroup section */

/* Begin PBXNativeTarget section */
		4A14C2E827D8D5940016755F /* ExTableCollectionView */ = {
			isa = PBXNativeTarget;
			buildConfigurationList = 4A14C2FD27D8D5950016755F /* Build configuration list for PBXNativeTarget "ExTableCollectionView" */;
			buildPhases = (
				70FA51FAA17D9B9BFDB9B7A1 /* [CP] Check Pods Manifest.lock */,
				4A14C2E527D8D5940016755F /* Sources */,
				4A14C2E627D8D5940016755F /* Frameworks */,
				4A14C2E727D8D5940016755F /* Resources */,
				E86740F40FF41D09A1A4C2F8 /* [CP] Embed Pods Frameworks */,
			);
			buildRules = (
			);
			dependencies = (
			);
			name = ExTableCollectionView;
			productName = ExTableCollectionView;
			productReference = 4A14C2E927D8D5940016755F /* ExTableCollectionView.app */;
			productType = "com.apple.product-type.application";
		};
/* End PBXNativeTarget section */

/* Begin PBXProject section */
		4A14C2E127D8D5940016755F /* Project object */ = {
			isa = PBXProject;
			attributes = {
				BuildIndependentTargetsInParallel = 1;
				LastSwiftUpdateCheck = 1310;
				LastUpgradeCheck = 1310;
				TargetAttributes = {
					4A14C2E827D8D5940016755F = {
						CreatedOnToolsVersion = 13.1;
					};
				};
			};
			buildConfigurationList = 4A14C2E427D8D5940016755F /* Build configuration list for PBXProject "ExTableCollectionView" */;
			compatibilityVersion = "Xcode 13.0";
			developmentRegion = en;
			hasScannedForEncodings = 0;
			knownRegions = (
				en,
				Base,
			);
			mainGroup = 4A14C2E027D8D5940016755F;
			productRefGroup = 4A14C2EA27D8D5940016755F /* Products */;
			projectDirPath = "";
			projectRoot = "";
			targets = (
				4A14C2E827D8D5940016755F /* ExTableCollectionView */,
			);
		};
/* End PBXProject section */

/* Begin PBXResourcesBuildPhase section */
		4A14C2E727D8D5940016755F /* Resources */ = {
			isa = PBXResourcesBuildPhase;
			buildActionMask = 2147483647;
			files = (
				4A14C2F927D8D5950016755F /* LaunchScreen.storyboard in Resources */,
				4A14C2F627D8D5950016755F /* Assets.xcassets in Resources */,
				4A14C2F427D8D5940016755F /* Main.storyboard in Resources */,
			);
			runOnlyForDeploymentPostprocessing = 0;
		};
/* End PBXResourcesBuildPhase section */

/* Begin PBXShellScriptBuildPhase section */
		70FA51FAA17D9B9BFDB9B7A1 /* [CP] Check Pods Manifest.lock */ = {
			isa = PBXShellScriptBuildPhase;
			buildActionMask = 2147483647;
			files = (
			);
			inputFileListPaths = (
			);
			inputPaths = (
				"${PODS_PODFILE_DIR_PATH}/Podfile.lock",
				"${PODS_ROOT}/Manifest.lock",
			);
			name = "[CP] Check Pods Manifest.lock";
			outputFileListPaths = (
			);
			outputPaths = (
				"$(DERIVED_FILE_DIR)/Pods-ExTableCollectionView-checkManifestLockResult.txt",
			);
			runOnlyForDeploymentPostprocessing = 0;
			shellPath = /bin/sh;
			shellScript = "diff \"${PODS_PODFILE_DIR_PATH}/Podfile.lock\" \"${PODS_ROOT}/Manifest.lock\" > /dev/null\nif [ $? != 0 ] ; then\n    # print error to STDERR\n    echo \"error: The sandbox is not in sync with the Podfile.lock. Run 'pod install' or update your CocoaPods installation.\" >&2\n    exit 1\nfi\n# This output is used by Xcode 'outputs' to avoid re-running this script phase.\necho \"SUCCESS\" > \"${SCRIPT_OUTPUT_FILE_0}\"\n";
			showEnvVarsInLog = 0;
		};
		E86740F40FF41D09A1A4C2F8 /* [CP] Embed Pods Frameworks */ = {
			isa = PBXShellScriptBuildPhase;
			buildActionMask = 2147483647;
			files = (
			);
			inputFileListPaths = (
				"${PODS_ROOT}/Target Support Files/Pods-ExTableCollectionView/Pods-ExTableCollectionView-frameworks-${CONFIGURATION}-input-files.xcfilelist",
			);
			name = "[CP] Embed Pods Frameworks";
			outputFileListPaths = (
				"${PODS_ROOT}/Target Support Files/Pods-ExTableCollectionView/Pods-ExTableCollectionView-frameworks-${CONFIGURATION}-output-files.xcfilelist",
			);
			runOnlyForDeploymentPostprocessing = 0;
			shellPath = /bin/sh;
			shellScript = "\"${PODS_ROOT}/Target Support Files/Pods-ExTableCollectionView/Pods-ExTableCollectionView-frameworks.sh\"\n";
			showEnvVarsInLog = 0;
		};
/* End PBXShellScriptBuildPhase section */

/* Begin PBXSourcesBuildPhase section */
		4A14C2E527D8D5940016755F /* Sources */ = {
			isa = PBXSourcesBuildPhase;
			buildActionMask = 2147483647;
			files = (
				4A14C2F127D8D5940016755F /* ViewController.swift in Sources */,
				4A14C2ED27D8D5940016755F /* AppDelegate.swift in Sources */,
				4A14C2EF27D8D5940016755F /* SceneDelegate.swift in Sources */,
				4A14C30127D8D62F0016755F /* CategoryModel.swift in Sources */,
			);
			runOnlyForDeploymentPostprocessing = 0;
		};
/* End PBXSourcesBuildPhase section */

/* Begin PBXVariantGroup section */
		4A14C2F227D8D5940016755F /* Main.storyboard */ = {
			isa = PBXVariantGroup;
			children = (
				4A14C2F327D8D5940016755F /* Base */,
			);
			name = Main.storyboard;
			sourceTree = "<group>";
		};
		4A14C2F727D8D5950016755F /* LaunchScreen.storyboard */ = {
			isa = PBXVariantGroup;
			children = (
				4A14C2F827D8D5950016755F /* Base */,
			);
			name = LaunchScreen.storyboard;
			sourceTree = "<group>";
		};
/* End PBXVariantGroup section */

/* Begin XCBuildConfiguration section */
		4A14C2FB27D8D5950016755F /* Debug */ = {
			isa = XCBuildConfiguration;
			buildSettings = {
				ALWAYS_SEARCH_USER_PATHS = NO;
				CLANG_ANALYZER_NONNULL = YES;
				CLANG_ANALYZER_NUMBER_OBJECT_CONVERSION = YES_AGGRESSIVE;
				CLANG_CXX_LANGUAGE_STANDARD = "gnu++17";
				CLANG_CXX_LIBRARY = "libc++";
				CLANG_ENABLE_MODULES = YES;
				CLANG_ENABLE_OBJC_ARC = YES;
				CLANG_ENABLE_OBJC_WEAK = YES;
				CLANG_WARN_BLOCK_CAPTURE_AUTORELEASING = YES;
				CLANG_WARN_BOOL_CONVERSION = YES;
				CLANG_WARN_COMMA = YES;
				CLANG_WARN_CONSTANT_CONVERSION = YES;
				CLANG_WARN_DEPRECATED_OBJC_IMPLEMENTATIONS = YES;
				CLANG_WARN_DIRECT_OBJC_ISA_USAGE = YES_ERROR;
				CLANG_WARN_DOCUMENTATION_COMMENTS = YES;
				CLANG_WARN_EMPTY_BODY = YES;
				CLANG_WARN_ENUM_CONVERSION = YES;
				CLANG_WARN_INFINITE_RECURSION = YES;
				CLANG_WARN_INT_CONVERSION = YES;
				CLANG_WARN_NON_LITERAL_NULL_CONVERSION = YES;
				CLANG_WARN_OBJC_IMPLICIT_RETAIN_SELF = YES;
				CLANG_WARN_OBJC_LITERAL_CONVERSION = YES;
				CLANG_WARN_OBJC_ROOT_CLASS = YES_ERROR;
				CLANG_WARN_QUOTED_INCLUDE_IN_FRAMEWORK_HEADER = YES;
				CLANG_WARN_RANGE_LOOP_ANALYSIS = YES;
				CLANG_WARN_STRICT_PROTOTYPES = YES;
				CLANG_WARN_SUSPICIOUS_MOVE = YES;
				CLANG_WARN_UNGUARDED_AVAILABILITY = YES_AGGRESSIVE;
				CLANG_WARN_UNREACHABLE_CODE = YES;
				CLANG_WARN__DUPLICATE_METHOD_MATCH = YES;
				COPY_PHASE_STRIP = NO;
				DEBUG_INFORMATION_FORMAT = dwarf;
				ENABLE_STRICT_OBJC_MSGSEND = YES;
				ENABLE_TESTABILITY = YES;
				GCC_C_LANGUAGE_STANDARD = gnu11;
				GCC_DYNAMIC_NO_PIC = NO;
				GCC_NO_COMMON_BLOCKS = YES;
				GCC_OPTIMIZATION_LEVEL = 0;
				GCC_PREPROCESSOR_DEFINITIONS = (
					"DEBUG=1",
					"$(inherited)",
				);
				GCC_WARN_64_TO_32_BIT_CONVERSION = YES;
				GCC_WARN_ABOUT_RETURN_TYPE = YES_ERROR;
				GCC_WARN_UNDECLARED_SELECTOR = YES;
				GCC_WARN_UNINITIALIZED_AUTOS = YES_AGGRESSIVE;
				GCC_WARN_UNUSED_FUNCTION = YES;
				GCC_WARN_UNUSED_VARIABLE = YES;
				IPHONEOS_DEPLOYMENT_TARGET = 15.0;
				MTL_ENABLE_DEBUG_INFO = INCLUDE_SOURCE;
				MTL_FAST_MATH = YES;
				ONLY_ACTIVE_ARCH = YES;
				SDKROOT = iphoneos;
				SWIFT_ACTIVE_COMPILATION_CONDITIONS = DEBUG;
				SWIFT_OPTIMIZATION_LEVEL = "-Onone";
			};
			name = Debug;
		};
		4A14C2FC27D8D5950016755F /* Release */ = {
			isa = XCBuildConfiguration;
			buildSettings = {
				ALWAYS_SEARCH_USER_PATHS = NO;
				CLANG_ANALYZER_NONNULL = YES;
				CLANG_ANALYZER_NUMBER_OBJECT_CONVERSION = YES_AGGRESSIVE;
				CLANG_CXX_LANGUAGE_STANDARD = "gnu++17";
				CLANG_CXX_LIBRARY = "libc++";
				CLANG_ENABLE_MODULES = YES;
				CLANG_ENABLE_OBJC_ARC = YES;
				CLANG_ENABLE_OBJC_WEAK = YES;
				CLANG_WARN_BLOCK_CAPTURE_AUTORELEASING = YES;
				CLANG_WARN_BOOL_CONVERSION = YES;
				CLANG_WARN_COMMA = YES;
				CLANG_WARN_CONSTANT_CONVERSION = YES;
				CLANG_WARN_DEPRECATED_OBJC_IMPLEMENTATIONS = YES;
				CLANG_WARN_DIRECT_OBJC_ISA_USAGE = YES_ERROR;
				CLANG_WARN_DOCUMENTATION_COMMENTS = YES;
				CLANG_WARN_EMPTY_BODY = YES;
				CLANG_WARN_ENUM_CONVERSION = YES;
				CLANG_WARN_INFINITE_RECURSION = YES;
				CLANG_WARN_INT_CONVERSION = YES;
				CLANG_WARN_NON_LITERAL_NULL_CONVERSION = YES;
				CLANG_WARN_OBJC_IMPLICIT_RETAIN_SELF = YES;
				CLANG_WARN_OBJC_LITERAL_CONVERSION = YES;
				CLANG_WARN_OBJC_ROOT_CLASS = YES_ERROR;
				CLANG_WARN_QUOTED_INCLUDE_IN_FRAMEWORK_HEADER = YES;
				CLANG_WARN_RANGE_LOOP_ANALYSIS = YES;
				CLANG_WARN_STRICT_PROTOTYPES = YES;
				CLANG_WARN_SUSPICIOUS_MOVE = YES;
				CLANG_WARN_UNGUARDED_AVAILABILITY = YES_AGGRESSIVE;
				CLANG_WARN_UNREACHABLE_CODE = YES;
				CLANG_WARN__DUPLICATE_METHOD_MATCH = YES;
				COPY_PHASE_STRIP = NO;
				DEBUG_INFORMATION_FORMAT = "dwarf-with-dsym";
				ENABLE_NS_ASSERTIONS = NO;
				ENABLE_STRICT_OBJC_MSGSEND = YES;
				GCC_C_LANGUAGE_STANDARD = gnu11;
				GCC_NO_COMMON_BLOCKS = YES;
				GCC_WARN_64_TO_32_BIT_CONVERSION = YES;
				GCC_WARN_ABOUT_RETURN_TYPE = YES_ERROR;
				GCC_WARN_UNDECLARED_SELECTOR = YES;
				GCC_WARN_UNINITIALIZED_AUTOS = YES_AGGRESSIVE;
				GCC_WARN_UNUSED_FUNCTION = YES;
				GCC_WARN_UNUSED_VARIABLE = YES;
				IPHONEOS_DEPLOYMENT_TARGET = 15.0;
				MTL_ENABLE_DEBUG_INFO = NO;
				MTL_FAST_MATH = YES;
				SDKROOT = iphoneos;
				SWIFT_COMPILATION_MODE = wholemodule;
				SWIFT_OPTIMIZATION_LEVEL = "-O";
				VALIDATE_PRODUCT = YES;
			};
			name = Release;
		};
		4A14C2FE27D8D5950016755F /* Debug */ = {
			isa = XCBuildConfiguration;
			baseConfigurationReference = 38BBB21FD45998510ED17223 /* Pods-ExTableCollectionView.debug.xcconfig */;
			buildSettings = {
				ASSETCATALOG_COMPILER_APPICON_NAME = AppIcon;
				ASSETCATALOG_COMPILER_GLOBAL_ACCENT_COLOR_NAME = AccentColor;
				CODE_SIGN_STYLE = Automatic;
				CURRENT_PROJECT_VERSION = 1;
				DEVELOPMENT_TEAM = SS7U83UJNK;
				GENERATE_INFOPLIST_FILE = YES;
				INFOPLIST_FILE = ExTableCollectionView/Info.plist;
				INFOPLIST_KEY_UIApplicationSupportsIndirectInputEvents = YES;
				INFOPLIST_KEY_UILaunchStoryboardName = LaunchScreen;
				INFOPLIST_KEY_UIMainStoryboardFile = Main;
				INFOPLIST_KEY_UISupportedInterfaceOrientations_iPad = "UIInterfaceOrientationPortrait UIInterfaceOrientationPortraitUpsideDown UIInterfaceOrientationLandscapeLeft UIInterfaceOrientationLandscapeRight";
				INFOPLIST_KEY_UISupportedInterfaceOrientations_iPhone = "UIInterfaceOrientationPortrait UIInterfaceOrientationLandscapeLeft UIInterfaceOrientationLandscapeRight";
				LD_RUNPATH_SEARCH_PATHS = (
					"$(inherited)",
					"@executable_path/Frameworks",
				);
				MARKETING_VERSION = 1.0;
				PRODUCT_BUNDLE_IDENTIFIER = com.jake.sample.ExTableCollectionView;
				PRODUCT_NAME = "$(TARGET_NAME)";
				SWIFT_EMIT_LOC_STRINGS = YES;
				SWIFT_VERSION = 5.0;
				TARGETED_DEVICE_FAMILY = "1,2";
			};
			name = Debug;
		};
		4A14C2FF27D8D5950016755F /* Release */ = {
			isa = XCBuildConfiguration;
			baseConfigurationReference = 789485E1E53D5F105FA6080C /* Pods-ExTableCollectionView.release.xcconfig */;
			buildSettings = {
				ASSETCATALOG_COMPILER_APPICON_NAME = AppIcon;
				ASSETCATALOG_COMPILER_GLOBAL_ACCENT_COLOR_NAME = AccentColor;
				CODE_SIGN_STYLE = Automatic;
				CURRENT_PROJECT_VERSION = 1;
				DEVELOPMENT_TEAM = SS7U83UJNK;
				GENERATE_INFOPLIST_FILE = YES;
				INFOPLIST_FILE = ExTableCollectionView/Info.plist;
				INFOPLIST_KEY_UIApplicationSupportsIndirectInputEvents = YES;
				INFOPLIST_KEY_UILaunchStoryboardName = LaunchScreen;
				INFOPLIST_KEY_UIMainStoryboardFile = Main;
				INFOPLIST_KEY_UISupportedInterfaceOrientations_iPad = "UIInterfaceOrientationPortrait UIInterfaceOrientationPortraitUpsideDown UIInterfaceOrientationLandscapeLeft UIInterfaceOrientationLandscapeRight";
				INFOPLIST_KEY_UISupportedInterfaceOrientations_iPhone = "UIInterfaceOrientationPortrait UIInterfaceOrientationLandscapeLeft UIInterfaceOrientationLandscapeRight";
				LD_RUNPATH_SEARCH_PATHS = (
					"$(inherited)",
					"@executable_path/Frameworks",
				);
				MARKETING_VERSION = 1.0;
				PRODUCT_BUNDLE_IDENTIFIER = com.jake.sample.ExTableCollectionView;
				PRODUCT_NAME = "$(TARGET_NAME)";
				SWIFT_EMIT_LOC_STRINGS = YES;
				SWIFT_VERSION = 5.0;
				TARGETED_DEVICE_FAMILY = "1,2";
			};
			name = Release;
		};
/* End XCBuildConfiguration section */

/* Begin XCConfigurationList section */
		4A14C2E427D8D5940016755F /* Build configuration list for PBXProject "ExTableCollectionView" */ = {
			isa = XCConfigurationList;
			buildConfigurations = (
				4A14C2FB27D8D5950016755F /* Debug */,
				4A14C2FC27D8D5950016755F /* Release */,
			);
			defaultConfigurationIsVisible = 0;
			defaultConfigurationName = Release;
		};
		4A14C2FD27D8D5950016755F /* Build configuration list for PBXNativeTarget "ExTableCollectionView" */ = {
			isa = XCConfigurationList;
			buildConfigurations = (
				4A14C2FE27D8D5950016755F /* Debug */,
				4A14C2FF27D8D5950016755F /* Release */,
			);
			defaultConfigurationIsVisible = 0;
			defaultConfigurationName = Release;
		};
/* End XCConfigurationList section */
	};
	rootObject = 4A14C2E127D8D5940016755F /* Project object */;
}
